
Microsoft Visual Studio Solution File, Format Version 12.00
# Visual Studio Version 16
VisualStudioVersion = 16.0.31702.278
MinimumVisualStudioVersion = 10.0.40219.1
Project("{FAE04EC0-301F-11D3-BF4B-00C04F79EFBC}") = "LeetCode", "LeetCode\LeetCode.csproj", "{577FC410-1408-4BDC-97D7-2211DBE5C075}"
EndProject
Global
	GlobalSection(SolutionConfigurationPlatforms) = preSolution
		Debug|Any CPU = Debug|Any CPU
		Release|Any CPU = Release|Any CPU
	EndGlobalSection
	GlobalSection(ProjectConfigurationPlatforms) = postSolution
		{577FC410-1408-4BDC-97D7-2211DBE5C075}.Debug|Any CPU.ActiveCfg = Debug|Any CPU
		{577FC410-1408-4BDC-97D7-2211DBE5C075}.Debug|Any CPU.Build.0 = Debug|Any CPU
		{577FC410-1408-4BDC-97D7-2211DBE5C075}.Release|Any CPU.ActiveCfg = Release|Any CPU
		{577FC410-1408-4BDC-97D7-2211DBE5C075}.Release|Any CPU.Build.0 = Release|Any CPU
	EndGlobalSection
	GlobalSection(SolutionProperties) = preSolution
		HideSolutionNode = FALSE
	EndGlobalSection
	GlobalSection(ExtensibilityGlobals) = postSolution
		SolutionGuid = {8C72AC6E-0CB7-4604-871C-BF4348018863}
	EndGlobalSection
EndGlobal
